// !$*UTF8*$!
{
	archiveVersion = 1;
	classes = {
	};
	objectVersion = 55;
	objects = {

/* Begin PBXBuildFile section */
		6FAAB15C43D40E4ED631E256 /* Pods_APOD.framework in Frameworks */ = {isa = PBXBuildFile; fileRef = BFFB0C3D1941D97177D143B8 /* Pods_APOD.framework */; };
		C137376B27C9374D005AC37E /* AppDelegate.swift in Sources */ = {isa = PBXBuildFile; fileRef = C137376A27C9374D005AC37E /* AppDelegate.swift */; };
		C137376D27C9374D005AC37E /* SceneDelegate.swift in Sources */ = {isa = PBXBuildFile; fileRef = C137376C27C9374D005AC37E /* SceneDelegate.swift */; };
		C137376F27C9374D005AC37E /* ViewController.swift in Sources */ = {isa = PBXBuildFile; fileRef = C137376E27C9374D005AC37E /* ViewController.swift */; };
		C137377227C9374D005AC37E /* Main.storyboard in Resources */ = {isa = PBXBuildFile; fileRef = C137377027C9374D005AC37E /* Main.storyboard */; };
		C137377527C9374D005AC37E /* APOD.xcdatamodeld in Sources */ = {isa = PBXBuildFile; fileRef = C137377327C9374D005AC37E /* APOD.xcdatamodeld */; };
		C137377727C93751005AC37E /* Assets.xcassets in Resources */ = {isa = PBXBuildFile; fileRef = C137377627C93751005AC37E /* Assets.xcassets */; };
		C137377A27C93751005AC37E /* LaunchScreen.storyboard in Resources */ = {isa = PBXBuildFile; fileRef = C137377827C93751005AC37E /* LaunchScreen.storyboard */; };
		C137378527C93752005AC37E /* APODTests.swift in Sources */ = {isa = PBXBuildFile; fileRef = C137378427C93752005AC37E /* APODTests.swift */; };
		C137378F27C93752005AC37E /* APODUITests.swift in Sources */ = {isa = PBXBuildFile; fileRef = C137378E27C93752005AC37E /* APODUITests.swift */; };
		C137379127C93752005AC37E /* APODUITestsLaunchTests.swift in Sources */ = {isa = PBXBuildFile; fileRef = C137379027C93752005AC37E /* APODUITestsLaunchTests.swift */; };
		C137379E27C93775005AC37E /* ServiceManager.swift in Sources */ = {isa = PBXBuildFile; fileRef = C137379D27C93775005AC37E /* ServiceManager.swift */; };
		C1A2517D27CB900B0026EC7E /* SearchViewController.swift in Sources */ = {isa = PBXBuildFile; fileRef = C1A2517C27CB900A0026EC7E /* SearchViewController.swift */; };
		C1B5494F27CA5725001D3745 /* APODModel.swift in Sources */ = {isa = PBXBuildFile; fileRef = C1B5494E27CA5724001D3745 /* APODModel.swift */; };
		C1B5495227CA771D001D3745 /* APODViewModel.swift in Sources */ = {isa = PBXBuildFile; fileRef = C1B5495127CA771D001D3745 /* APODViewModel.swift */; };
		C1F4469427CD037200926D08 /* Extension.swift in Sources */ = {isa = PBXBuildFile; fileRef = C1F4469327CD037200926D08 /* Extension.swift */; };
		C1F4469627CD0F5200926D08 /* DBHelper.swift in Sources */ = {isa = PBXBuildFile; fileRef = C1F4469527CD0F5200926D08 /* DBHelper.swift */; };
		D32AC375539E06F5DBEE272D /* Pods_APODTests.framework in Frameworks */ = {isa = PBXBuildFile; fileRef = 6E6A8F7AF7D187CC05F3731A /* Pods_APODTests.framework */; };
		E8C2EE1D37433202BCF1635A /* Pods_APOD_APODUITests.framework in Frameworks */ = {isa = PBXBuildFile; fileRef = 7D279DFD86906211E41E0097 /* Pods_APOD_APODUITests.framework */; };
/* End PBXBuildFile section */

/* Begin PBXContainerItemProxy section */
		C137378127C93752005AC37E /* PBXContainerItemProxy */ = {
			isa = PBXContainerItemProxy;
			containerPortal = C137375F27C9374D005AC37E /* Project object */;
			proxyType = 1;
			remoteGlobalIDString = C137376627C9374D005AC37E;
			remoteInfo = APOD;
		};
		C137378B27C93752005AC37E /* PBXContainerItemProxy */ = {
			isa = PBXContainerItemProxy;
			containerPortal = C137375F27C9374D005AC37E /* Project object */;
			proxyType = 1;
			remoteGlobalIDString = C137376627C9374D005AC37E;
			remoteInfo = APOD;
		};
/* End PBXContainerItemProxy section */

/* Begin PBXFileReference section */
		112C76A24DD71C8B404C38D1 /* Pods-APOD-APODUITests.debug.xcconfig */ = {isa = PBXFileReference; includeInIndex = 1; lastKnownFileType = text.xcconfig; name = "Pods-APOD-APODUITests.debug.xcconfig"; path = "Target Support Files/Pods-APOD-APODUITests/Pods-APOD-APODUITests.debug.xcconfig"; sourceTree = "<group>"; };
		23F7E0496FE0EAC2ABA1B679 /* Pods-APOD.debug.xcconfig */ = {isa = PBXFileReference; includeInIndex = 1; lastKnownFileType = text.xcconfig; name = "Pods-APOD.debug.xcconfig"; path = "Target Support Files/Pods-APOD/Pods-APOD.debug.xcconfig"; sourceTree = "<group>"; };
		4FAAB88848689E3A6A2299DA /* Pods-APODTests.release.xcconfig */ = {isa = PBXFileReference; includeInIndex = 1; lastKnownFileType = text.xcconfig; name = "Pods-APODTests.release.xcconfig"; path = "Target Support Files/Pods-APODTests/Pods-APODTests.release.xcconfig"; sourceTree = "<group>"; };
		6E6A8F7AF7D187CC05F3731A /* Pods_APODTests.framework */ = {isa = PBXFileReference; explicitFileType = wrapper.framework; includeInIndex = 0; path = Pods_APODTests.framework; sourceTree = BUILT_PRODUCTS_DIR; };
		7D279DFD86906211E41E0097 /* Pods_APOD_APODUITests.framework */ = {isa = PBXFileReference; explicitFileType = wrapper.framework; includeInIndex = 0; path = Pods_APOD_APODUITests.framework; sourceTree = BUILT_PRODUCTS_DIR; };
		BFFB0C3D1941D97177D143B8 /* Pods_APOD.framework */ = {isa = PBXFileReference; explicitFileType = wrapper.framework; includeInIndex = 0; path = Pods_APOD.framework; sourceTree = BUILT_PRODUCTS_DIR; };
		C137376727C9374D005AC37E /* APOD.app */ = {isa = PBXFileReference; explicitFileType = wrapper.application; includeInIndex = 0; path = APOD.app; sourceTree = BUILT_PRODUCTS_DIR; };
		C137376A27C9374D005AC37E /* AppDelegate.swift */ = {isa = PBXFileReference; lastKnownFileType = sourcecode.swift; path = AppDelegate.swift; sourceTree = "<group>"; };
		C137376C27C9374D005AC37E /* SceneDelegate.swift */ = {isa = PBXFileReference; lastKnownFileType = sourcecode.swift; path = SceneDelegate.swift; sourceTree = "<group>"; };
		C137376E27C9374D005AC37E /* ViewController.swift */ = {isa = PBXFileReference; lastKnownFileType = sourcecode.swift; path = ViewController.swift; sourceTree = "<group>"; };
		C137377127C9374D005AC37E /* Base */ = {isa = PBXFileReference; lastKnownFileType = file.storyboard; name = Base; path = Base.lproj/Main.storyboard; sourceTree = "<group>"; };
		C137377427C9374D005AC37E /* APOD.xcdatamodel */ = {isa = PBXFileReference; lastKnownFileType = wrapper.xcdatamodel; path = APOD.xcdatamodel; sourceTree = "<group>"; };
		C137377627C93751005AC37E /* Assets.xcassets */ = {isa = PBXFileReference; lastKnownFileType = folder.assetcatalog; path = Assets.xcassets; sourceTree = "<group>"; };
		C137377927C93751005AC37E /* Base */ = {isa = PBXFileReference; lastKnownFileType = file.storyboard; name = Base; path = Base.lproj/LaunchScreen.storyboard; sourceTree = "<group>"; };
		C137377B27C93751005AC37E /* Info.plist */ = {isa = PBXFileReference; lastKnownFileType = text.plist.xml; path = Info.plist; sourceTree = "<group>"; };
		C137378027C93752005AC37E /* APODTests.xctest */ = {isa = PBXFileReference; explicitFileType = wrapper.cfbundle; includeInIndex = 0; path = APODTests.xctest; sourceTree = BUILT_PRODUCTS_DIR; };
		C137378427C93752005AC37E /* APODTests.swift */ = {isa = PBXFileReference; lastKnownFileType = sourcecode.swift; path = APODTests.swift; sourceTree = "<group>"; };
		C137378A27C93752005AC37E /* APODUITests.xctest */ = {isa = PBXFileReference; explicitFileType = wrapper.cfbundle; includeInIndex = 0; path = APODUITests.xctest; sourceTree = BUILT_PRODUCTS_DIR; };
		C137378E27C93752005AC37E /* APODUITests.swift */ = {isa = PBXFileReference; lastKnownFileType = sourcecode.swift; path = APODUITests.swift; sourceTree = "<group>"; };
		C137379027C93752005AC37E /* APODUITestsLaunchTests.swift */ = {isa = PBXFileReference; lastKnownFileType = sourcecode.swift; path = APODUITestsLaunchTests.swift; sourceTree = "<group>"; };
		C137379D27C93775005AC37E /* ServiceManager.swift */ = {isa = PBXFileReference; lastKnownFileType = sourcecode.swift; path = ServiceManager.swift; sourceTree = "<group>"; };
		C1A2517C27CB900A0026EC7E /* SearchViewController.swift */ = {isa = PBXFileReference; lastKnownFileType = sourcecode.swift; path = SearchViewController.swift; sourceTree = "<group>"; };
		C1B5494E27CA5724001D3745 /* APODModel.swift */ = {isa = PBXFileReference; lastKnownFileType = sourcecode.swift; path = APODModel.swift; sourceTree = "<group>"; };
		C1B5495127CA771D001D3745 /* APODViewModel.swift */ = {isa = PBXFileReference; lastKnownFileType = sourcecode.swift; path = APODViewModel.swift; sourceTree = "<group>"; };
		C1F4469327CD037200926D08 /* Extension.swift */ = {isa = PBXFileReference; lastKnownFileType = sourcecode.swift; path = Extension.swift; sourceTree = "<group>"; };
		C1F4469527CD0F5200926D08 /* DBHelper.swift */ = {isa = PBXFileReference; lastKnownFileType = sourcecode.swift; path = DBHelper.swift; sourceTree = "<group>"; };
		CFB682CC8317FF97A7C16B90 /* Pods-APODTests.debug.xcconfig */ = {isa = PBXFileReference; includeInIndex = 1; lastKnownFileType = text.xcconfig; name = "Pods-APODTests.debug.xcconfig"; path = "Target Support Files/Pods-APODTests/Pods-APODTests.debug.xcconfig"; sourceTree = "<group>"; };
		D5C4D6CEE9DB7270325084B5 /* Pods-APOD.release.xcconfig */ = {isa = PBXFileReference; includeInIndex = 1; lastKnownFileType = text.xcconfig; name = "Pods-APOD.release.xcconfig"; path = "Target Support Files/Pods-APOD/Pods-APOD.release.xcconfig"; sourceTree = "<group>"; };
		EAA1C9295EF7D34697D810EF /* Pods-APOD-APODUITests.release.xcconfig */ = {isa = PBXFileReference; includeInIndex = 1; lastKnownFileType = text.xcconfig; name = "Pods-APOD-APODUITests.release.xcconfig"; path = "Target Support Files/Pods-APOD-APODUITests/Pods-APOD-APODUITests.release.xcconfig"; sourceTree = "<group>"; };
/* End PBXFileReference section */

/* Begin PBXFrameworksBuildPhase section */
		C137376427C9374D005AC37E /* Frameworks */ = {
			isa = PBXFrameworksBuildPhase;
			buildActionMask = 2147483647;
			files = (
				6FAAB15C43D40E4ED631E256 /* Pods_APOD.framework in Frameworks */,
			);
			runOnlyForDeploymentPostprocessing = 0;
		};
		C137377D27C93752005AC37E /* Frameworks */ = {
			isa = PBXFrameworksBuildPhase;
			buildActionMask = 2147483647;
			files = (
				D32AC375539E06F5DBEE272D /* Pods_APODTests.framework in Frameworks */,
			);
			runOnlyForDeploymentPostprocessing = 0;
		};
		C137378727C93752005AC37E /* Frameworks */ = {
			isa = PBXFrameworksBuildPhase;
			buildActionMask = 2147483647;
			files = (
				E8C2EE1D37433202BCF1635A /* Pods_APOD_APODUITests.framework in Frameworks */,
			);
			runOnlyForDeploymentPostprocessing = 0;
		};
/* End PBXFrameworksBuildPhase section */

/* Begin PBXGroup section */
		500FE08D7121791EE2383B20 /* Frameworks */ = {
			isa = PBXGroup;
			children = (
				BFFB0C3D1941D97177D143B8 /* Pods_APOD.framework */,
				7D279DFD86906211E41E0097 /* Pods_APOD_APODUITests.framework */,
				6E6A8F7AF7D187CC05F3731A /* Pods_APODTests.framework */,
			);
			name = Frameworks;
			sourceTree = "<group>";
		};
		50DE5607D9A10A4634EF8508 /* Pods */ = {
			isa = PBXGroup;
			children = (
				23F7E0496FE0EAC2ABA1B679 /* Pods-APOD.debug.xcconfig */,
				D5C4D6CEE9DB7270325084B5 /* Pods-APOD.release.xcconfig */,
				112C76A24DD71C8B404C38D1 /* Pods-APOD-APODUITests.debug.xcconfig */,
				EAA1C9295EF7D34697D810EF /* Pods-APOD-APODUITests.release.xcconfig */,
				CFB682CC8317FF97A7C16B90 /* Pods-APODTests.debug.xcconfig */,
				4FAAB88848689E3A6A2299DA /* Pods-APODTests.release.xcconfig */,
			);
			path = Pods;
			sourceTree = "<group>";
		};
		C137375E27C9374D005AC37E = {
			isa = PBXGroup;
			children = (
				C137376927C9374D005AC37E /* APOD */,
				C137378327C93752005AC37E /* APODTests */,
				C137378D27C93752005AC37E /* APODUITests */,
				C137376827C9374D005AC37E /* Products */,
				50DE5607D9A10A4634EF8508 /* Pods */,
				500FE08D7121791EE2383B20 /* Frameworks */,
			);
			sourceTree = "<group>";
		};
		C137376827C9374D005AC37E /* Products */ = {
			isa = PBXGroup;
			children = (
				C137376727C9374D005AC37E /* APOD.app */,
				C137378027C93752005AC37E /* APODTests.xctest */,
				C137378A27C93752005AC37E /* APODUITests.xctest */,
			);
			name = Products;
			sourceTree = "<group>";
		};
		C137376927C9374D005AC37E /* APOD */ = {
			isa = PBXGroup;
			children = (
				C1F4469227CD036100926D08 /* Helper */,
				C1B5494D27CA5711001D3745 /* Model */,
				C1B5495327CA7722001D3745 /* ViewModel */,
				C1B5495027CA76FD001D3745 /* View */,
				C137376A27C9374D005AC37E /* AppDelegate.swift */,
				C137376C27C9374D005AC37E /* SceneDelegate.swift */,
				C137377027C9374D005AC37E /* Main.storyboard */,
				C137377627C93751005AC37E /* Assets.xcassets */,
				C137377827C93751005AC37E /* LaunchScreen.storyboard */,
				C137377B27C93751005AC37E /* Info.plist */,
				C137377327C9374D005AC37E /* APOD.xcdatamodeld */,
			);
			path = APOD;
			sourceTree = "<group>";
		};
		C137378327C93752005AC37E /* APODTests */ = {
			isa = PBXGroup;
			children = (
				C137378427C93752005AC37E /* APODTests.swift */,
			);
			path = APODTests;
			sourceTree = "<group>";
		};
		C137378D27C93752005AC37E /* APODUITests */ = {
			isa = PBXGroup;
			children = (
				C137378E27C93752005AC37E /* APODUITests.swift */,
				C137379027C93752005AC37E /* APODUITestsLaunchTests.swift */,
			);
			path = APODUITests;
			sourceTree = "<group>";
		};
		C1B5494D27CA5711001D3745 /* Model */ = {
			isa = PBXGroup;
			children = (
				C1B5494E27CA5724001D3745 /* APODModel.swift */,
			);
			path = Model;
			sourceTree = "<group>";
		};
		C1B5495027CA76FD001D3745 /* View */ = {
			isa = PBXGroup;
			children = (
				C137376E27C9374D005AC37E /* ViewController.swift */,
				C1A2517C27CB900A0026EC7E /* SearchViewController.swift */,
			);
			path = View;
			sourceTree = "<group>";
		};
		C1B5495327CA7722001D3745 /* ViewModel */ = {
			isa = PBXGroup;
			children = (
				C1B5495127CA771D001D3745 /* APODViewModel.swift */,
			);
			path = ViewModel;
			sourceTree = "<group>";
		};
		C1F4469227CD036100926D08 /* Helper */ = {
			isa = PBXGroup;
			children = (
				C137379D27C93775005AC37E /* ServiceManager.swift */,
				C1F4469327CD037200926D08 /* Extension.swift */,
				C1F4469527CD0F5200926D08 /* DBHelper.swift */,
			);
			path = Helper;
			sourceTree = "<group>";
		};
/* End PBXGroup section */

/* Begin PBXNativeTarget section */
		C137376627C9374D005AC37E /* APOD */ = {
			isa = PBXNativeTarget;
			buildConfigurationList = C137379427C93752005AC37E /* Build configuration list for PBXNativeTarget "APOD" */;
			buildPhases = (
				07F64441324B861DDFFD0544 /* [CP] Check Pods Manifest.lock */,
				C137376327C9374D005AC37E /* Sources */,
				C137376427C9374D005AC37E /* Frameworks */,
				C137376527C9374D005AC37E /* Resources */,
				7C25D29E4A14F707CBF8074A /* [CP] Embed Pods Frameworks */,
			);
			buildRules = (
			);
			dependencies = (
			);
			name = APOD;
			productName = APOD;
			productReference = C137376727C9374D005AC37E /* APOD.app */;
			productType = "com.apple.product-type.application";
		};
		C137377F27C93752005AC37E /* APODTests */ = {
			isa = PBXNativeTarget;
			buildConfigurationList = C137379727C93752005AC37E /* Build configuration list for PBXNativeTarget "APODTests" */;
			buildPhases = (
				EFD23F6E6F2A83C87C7DF72A /* [CP] Check Pods Manifest.lock */,
				C137377C27C93752005AC37E /* Sources */,
				C137377D27C93752005AC37E /* Frameworks */,
				C137377E27C93752005AC37E /* Resources */,
			);
			buildRules = (
			);
			dependencies = (
				C137378227C93752005AC37E /* PBXTargetDependency */,
			);
			name = APODTests;
			productName = APODTests;
			productReference = C137378027C93752005AC37E /* APODTests.xctest */;
			productType = "com.apple.product-type.bundle.unit-test";
		};
		C137378927C93752005AC37E /* APODUITests */ = {
			isa = PBXNativeTarget;
			buildConfigurationList = C137379A27C93752005AC37E /* Build configuration list for PBXNativeTarget "APODUITests" */;
			buildPhases = (
				CEC83841DCA81EB42D062549 /* [CP] Check Pods Manifest.lock */,
				C137378627C93752005AC37E /* Sources */,
				C137378727C93752005AC37E /* Frameworks */,
				C137378827C93752005AC37E /* Resources */,
				5DBBDAC2141642A9EDDE9333 /* [CP] Embed Pods Frameworks */,
			);
			buildRules = (
			);
			dependencies = (
				C137378C27C93752005AC37E /* PBXTargetDependency */,
			);
			name = APODUITests;
			productName = APODUITests;
			productReference = C137378A27C93752005AC37E /* APODUITests.xctest */;
			productType = "com.apple.product-type.bundle.ui-testing";
		};
/* End PBXNativeTarget section */

/* Begin PBXProject section */
		C137375F27C9374D005AC37E /* Project object */ = {
			isa = PBXProject;
			attributes = {
				BuildIndependentTargetsInParallel = 1;
				LastSwiftUpdateCheck = 1320;
				LastUpgradeCheck = 1320;
				TargetAttributes = {
					C137376627C9374D005AC37E = {
						CreatedOnToolsVersion = 13.2.1;
					};
					C137377F27C93752005AC37E = {
						CreatedOnToolsVersion = 13.2.1;
						TestTargetID = C137376627C9374D005AC37E;
					};
					C137378927C93752005AC37E = {
						CreatedOnToolsVersion = 13.2.1;
						TestTargetID = C137376627C9374D005AC37E;
					};
				};
			};
			buildConfigurationList = C137376227C9374D005AC37E /* Build configuration list for PBXProject "APOD" */;
			compatibilityVersion = "Xcode 13.0";
			developmentRegion = en;
			hasScannedForEncodings = 0;
			knownRegions = (
				en,
				Base,
			);
			mainGroup = C137375E27C9374D005AC37E;
			productRefGroup = C137376827C9374D005AC37E /* Products */;
			projectDirPath = "";
			projectRoot = "";
			targets = (
				C137376627C9374D005AC37E /* APOD */,
				C137377F27C93752005AC37E /* APODTests */,
				C137378927C93752005AC37E /* APODUITests */,
			);
		};
/* End PBXProject section */

/* Begin PBXResourcesBuildPhase section */
		C137376527C9374D005AC37E /* Resources */ = {
			isa = PBXResourcesBuildPhase;
			buildActionMask = 2147483647;
			files = (
				C137377A27C93751005AC37E /* LaunchScreen.storyboard in Resources */,
				C137377727C93751005AC37E /* Assets.xcassets in Resources */,
				C137377227C9374D005AC37E /* Main.storyboard in Resources */,
			);
			runOnlyForDeploymentPostprocessing = 0;
		};
		C137377E27C93752005AC37E /* Resources */ = {
			isa = PBXResourcesBuildPhase;
			buildActionMask = 2147483647;
			files = (
			);
			runOnlyForDeploymentPostprocessing = 0;
		};
		C137378827C93752005AC37E /* Resources */ = {
			isa = PBXResourcesBuildPhase;
			buildActionMask = 2147483647;
			files = (
			);
			runOnlyForDeploymentPostprocessing = 0;
		};
/* End PBXResourcesBuildPhase section */

/* Begin PBXShellScriptBuildPhase section */
		07F64441324B861DDFFD0544 /* [CP] Check Pods Manifest.lock */ = {
			isa = PBXShellScriptBuildPhase;
			buildActionMask = 2147483647;
			files = (
			);
			inputFileListPaths = (
			);
			inputPaths = (
				"${PODS_PODFILE_DIR_PATH}/Podfile.lock",
				"${PODS_ROOT}/Manifest.lock",
			);
			name = "[CP] Check Pods Manifest.lock";
			outputFileListPaths = (
			);
			outputPaths = (
				"$(DERIVED_FILE_DIR)/Pods-APOD-checkManifestLockResult.txt",
			);
			runOnlyForDeploymentPostprocessing = 0;
			shellPath = /bin/sh;
			shellScript = "diff \"${PODS_PODFILE_DIR_PATH}/Podfile.lock\" \"${PODS_ROOT}/Manifest.lock\" > /dev/null\nif [ $? != 0 ] ; then\n    # print error to STDERR\n    echo \"error: The sandbox is not in sync with the Podfile.lock. Run 'pod install' or update your CocoaPods installation.\" >&2\n    exit 1\nfi\n# This output is used by Xcode 'outputs' to avoid re-running this script phase.\necho \"SUCCESS\" > \"${SCRIPT_OUTPUT_FILE_0}\"\n";
			showEnvVarsInLog = 0;
		};
		5DBBDAC2141642A9EDDE9333 /* [CP] Embed Pods Frameworks */ = {
			isa = PBXShellScriptBuildPhase;
			buildActionMask = 2147483647;
			files = (
			);
			inputFileListPaths = (
				"${PODS_ROOT}/Target Support Files/Pods-APOD-APODUITests/Pods-APOD-APODUITests-frameworks-${CONFIGURATION}-input-files.xcfilelist",
			);
			name = "[CP] Embed Pods Frameworks";
			outputFileListPaths = (
				"${PODS_ROOT}/Target Support Files/Pods-APOD-APODUITests/Pods-APOD-APODUITests-frameworks-${CONFIGURATION}-output-files.xcfilelist",
			);
			runOnlyForDeploymentPostprocessing = 0;
			shellPath = /bin/sh;
			shellScript = "\"${PODS_ROOT}/Target Support Files/Pods-APOD-APODUITests/Pods-APOD-APODUITests-frameworks.sh\"\n";
			showEnvVarsInLog = 0;
		};
		7C25D29E4A14F707CBF8074A /* [CP] Embed Pods Frameworks */ = {
			isa = PBXShellScriptBuildPhase;
			buildActionMask = 2147483647;
			files = (
			);
			inputFileListPaths = (
				"${PODS_ROOT}/Target Support Files/Pods-APOD/Pods-APOD-frameworks-${CONFIGURATION}-input-files.xcfilelist",
			);
			name = "[CP] Embed Pods Frameworks";
			outputFileListPaths = (
				"${PODS_ROOT}/Target Support Files/Pods-APOD/Pods-APOD-frameworks-${CONFIGURATION}-output-files.xcfilelist",
			);
			runOnlyForDeploymentPostprocessing = 0;
			shellPath = /bin/sh;
			shellScript = "\"${PODS_ROOT}/Target Support Files/Pods-APOD/Pods-APOD-frameworks.sh\"\n";
			showEnvVarsInLog = 0;
		};
		CEC83841DCA81EB42D062549 /* [CP] Check Pods Manifest.lock */ = {
			isa = PBXShellScriptBuildPhase;
			buildActionMask = 2147483647;
			files = (
			);
			inputFileListPaths = (
			);
			inputPaths = (
				"${PODS_PODFILE_DIR_PATH}/Podfile.lock",
				"${PODS_ROOT}/Manifest.lock",
			);
			name = "[CP] Check Pods Manifest.lock";
			outputFileListPaths = (
			);
			outputPaths = (
				"$(DERIVED_FILE_DIR)/Pods-APOD-APODUITests-checkManifestLockResult.txt",
			);
			runOnlyForDeploymentPostprocessing = 0;
			shellPath = /bin/sh;
			shellScript = "diff \"${PODS_PODFILE_DIR_PATH}/Podfile.lock\" \"${PODS_ROOT}/Manifest.lock\" > /dev/null\nif [ $? != 0 ] ; then\n    # print error to STDERR\n    echo \"error: The sandbox is not in sync with the Podfile.lock. Run 'pod install' or update your CocoaPods installation.\" >&2\n    exit 1\nfi\n# This output is used by Xcode 'outputs' to avoid re-running this script phase.\necho \"SUCCESS\" > \"${SCRIPT_OUTPUT_FILE_0}\"\n";
			showEnvVarsInLog = 0;
		};
		EFD23F6E6F2A83C87C7DF72A /* [CP] Check Pods Manifest.lock */ = {
			isa = PBXShellScriptBuildPhase;
			buildActionMask = 2147483647;
			files = (
			);
			inputFileListPaths = (
			);
			inputPaths = (
				"${PODS_PODFILE_DIR_PATH}/Podfile.lock",
				"${PODS_ROOT}/Manifest.lock",
			);
			name = "[CP] Check Pods Manifest.lock";
			outputFileListPaths = (
			);
			outputPaths = (
				"$(DERIVED_FILE_DIR)/Pods-APODTests-checkManifestLockResult.txt",
			);
			runOnlyForDeploymentPostprocessing = 0;
			shellPath = /bin/sh;
			shellScript = "diff \"${PODS_PODFILE_DIR_PATH}/Podfile.lock\" \"${PODS_ROOT}/Manifest.lock\" > /dev/null\nif [ $? != 0 ] ; then\n    # print error to STDERR\n    echo \"error: The sandbox is not in sync with the Podfile.lock. Run 'pod install' or update your CocoaPods installation.\" >&2\n    exit 1\nfi\n# This output is used by Xcode 'outputs' to avoid re-running this script phase.\necho \"SUCCESS\" > \"${SCRIPT_OUTPUT_FILE_0}\"\n";
			showEnvVarsInLog = 0;
		};
/* End PBXShellScriptBuildPhase section */

/* Begin PBXSourcesBuildPhase section */
		C137376327C9374D005AC37E /* Sources */ = {
			isa = PBXSourcesBuildPhase;
			buildActionMask = 2147483647;
			files = (
				C1F4469427CD037200926D08 /* Extension.swift in Sources */,
				C1B5495227CA771D001D3745 /* APODViewModel.swift in Sources */,
				C137376F27C9374D005AC37E /* ViewController.swift in Sources */,
				C1A2517D27CB900B0026EC7E /* SearchViewController.swift in Sources */,
				C137377527C9374D005AC37E /* APOD.xcdatamodeld in Sources */,
				C137376B27C9374D005AC37E /* AppDelegate.swift in Sources */,
				C137376D27C9374D005AC37E /* SceneDelegate.swift in Sources */,
				C1F4469627CD0F5200926D08 /* DBHelper.swift in Sources */,
				C137379E27C93775005AC37E /* ServiceManager.swift in Sources */,
				C1B5494F27CA5725001D3745 /* APODModel.swift in Sources */,
			);
			runOnlyForDeploymentPostprocessing = 0;
		};
		C137377C27C93752005AC37E /* Sources */ = {
			isa = PBXSourcesBuildPhase;
			buildActionMask = 2147483647;
			files = (
				C137378527C93752005AC37E /* APODTests.swift in Sources */,
			);
			runOnlyForDeploymentPostprocessing = 0;
		};
		C137378627C93752005AC37E /* Sources */ = {
			isa = PBXSourcesBuildPhase;
			buildActionMask = 2147483647;
			files = (
				C137379127C93752005AC37E /* APODUITestsLaunchTests.swift in Sources */,
				C137378F27C93752005AC37E /* APODUITests.swift in Sources */,
			);
			runOnlyForDeploymentPostprocessing = 0;
		};
/* End PBXSourcesBuildPhase section */

/* Begin PBXTargetDependency section */
		C137378227C93752005AC37E /* PBXTargetDependency */ = {
			isa = PBXTargetDependency;
			target = C137376627C9374D005AC37E /* APOD */;
			targetProxy = C137378127C93752005AC37E /* PBXContainerItemProxy */;
		};
		C137378C27C93752005AC37E /* PBXTargetDependency */ = {
			isa = PBXTargetDependency;
			target = C137376627C9374D005AC37E /* APOD */;
			targetProxy = C137378B27C93752005AC37E /* PBXContainerItemProxy */;
		};
/* End PBXTargetDependency section */

/* Begin PBXVariantGroup section */
		C137377027C9374D005AC37E /* Main.storyboard */ = {
			isa = PBXVariantGroup;
			children = (
				C137377127C9374D005AC37E /* Base */,
			);
			name = Main.storyboard;
			sourceTree = "<group>";
		};
		C137377827C93751005AC37E /* LaunchScreen.storyboard */ = {
			isa = PBXVariantGroup;
			children = (
				C137377927C93751005AC37E /* Base */,
			);
			name = LaunchScreen.storyboard;
			sourceTree = "<group>";
		};
/* End PBXVariantGroup section */

/* Begin XCBuildConfiguration section */
		C137379227C93752005AC37E /* Debug */ = {
			isa = XCBuildConfiguration;
			buildSettings = {
				ALWAYS_SEARCH_USER_PATHS = NO;
				CLANG_ANALYZER_NONNULL = YES;
				CLANG_ANALYZER_NUMBER_OBJECT_CONVERSION = YES_AGGRESSIVE;
				CLANG_CXX_LANGUAGE_STANDARD = "gnu++17";
				CLANG_CXX_LIBRARY = "libc++";
				CLANG_ENABLE_MODULES = YES;
				CLANG_ENABLE_OBJC_ARC = YES;
				CLANG_ENABLE_OBJC_WEAK = YES;
				CLANG_WARN_BLOCK_CAPTURE_AUTORELEASING = YES;
				CLANG_WARN_BOOL_CONVERSION = YES;
				CLANG_WARN_COMMA = YES;
				CLANG_WARN_CONSTANT_CONVERSION = YES;
				CLANG_WARN_DEPRECATED_OBJC_IMPLEMENTATIONS = YES;
				CLANG_WARN_DIRECT_OBJC_ISA_USAGE = YES_ERROR;
				CLANG_WARN_DOCUMENTATION_COMMENTS = YES;
				CLANG_WARN_EMPTY_BODY = YES;
				CLANG_WARN_ENUM_CONVERSION = YES;
				CLANG_WARN_INFINITE_RECURSION = YES;
				CLANG_WARN_INT_CONVERSION = YES;
				CLANG_WARN_NON_LITERAL_NULL_CONVERSION = YES;
				CLANG_WARN_OBJC_IMPLICIT_RETAIN_SELF = YES;
				CLANG_WARN_OBJC_LITERAL_CONVERSION = YES;
				CLANG_WARN_OBJC_ROOT_CLASS = YES_ERROR;
				CLANG_WARN_QUOTED_INCLUDE_IN_FRAMEWORK_HEADER = YES;
				CLANG_WARN_RANGE_LOOP_ANALYSIS = YES;
				CLANG_WARN_STRICT_PROTOTYPES = YES;
				CLANG_WARN_SUSPICIOUS_MOVE = YES;
				CLANG_WARN_UNGUARDED_AVAILABILITY = YES_AGGRESSIVE;
				CLANG_WARN_UNREACHABLE_CODE = YES;
				CLANG_WARN__DUPLICATE_METHOD_MATCH = YES;
				COPY_PHASE_STRIP = NO;
				DEBUG_INFORMATION_FORMAT = dwarf;
				ENABLE_STRICT_OBJC_MSGSEND = YES;
				ENABLE_TESTABILITY = YES;
				GCC_C_LANGUAGE_STANDARD = gnu11;
				GCC_DYNAMIC_NO_PIC = NO;
				GCC_NO_COMMON_BLOCKS = YES;
				GCC_OPTIMIZATION_LEVEL = 0;
				GCC_PREPROCESSOR_DEFINITIONS = (
					"DEBUG=1",
					"$(inherited)",
				);
				GCC_WARN_64_TO_32_BIT_CONVERSION = YES;
				GCC_WARN_ABOUT_RETURN_TYPE = YES_ERROR;
				GCC_WARN_UNDECLARED_SELECTOR = YES;
				GCC_WARN_UNINITIALIZED_AUTOS = YES_AGGRESSIVE;
				GCC_WARN_UNUSED_FUNCTION = YES;
				GCC_WARN_UNUSED_VARIABLE = YES;
				IPHONEOS_DEPLOYMENT_TARGET = 15.2;
				MTL_ENABLE_DEBUG_INFO = INCLUDE_SOURCE;
				MTL_FAST_MATH = YES;
				ONLY_ACTIVE_ARCH = YES;
				SDKROOT = iphoneos;
				SWIFT_ACTIVE_COMPILATION_CONDITIONS = DEBUG;
				SWIFT_OPTIMIZATION_LEVEL = "-Onone";
			};
			name = Debug;
		};
		C137379327C93752005AC37E /* Release */ = {
			isa = XCBuildConfiguration;
			buildSettings = {
				ALWAYS_SEARCH_USER_PATHS = NO;
				CLANG_ANALYZER_NONNULL = YES;
				CLANG_ANALYZER_NUMBER_OBJECT_CONVERSION = YES_AGGRESSIVE;
				CLANG_CXX_LANGUAGE_STANDARD = "gnu++17";
				CLANG_CXX_LIBRARY = "libc++";
				CLANG_ENABLE_MODULES = YES;
				CLANG_ENABLE_OBJC_ARC = YES;
				CLANG_ENABLE_OBJC_WEAK = YES;
				CLANG_WARN_BLOCK_CAPTURE_AUTORELEASING = YES;
				CLANG_WARN_BOOL_CONVERSION = YES;
				CLANG_WARN_COMMA = YES;
				CLANG_WARN_CONSTANT_CONVERSION = YES;
				CLANG_WARN_DEPRECATED_OBJC_IMPLEMENTATIONS = YES;
				CLANG_WARN_DIRECT_OBJC_ISA_USAGE = YES_ERROR;
				CLANG_WARN_DOCUMENTATION_COMMENTS = YES;
				CLANG_WARN_EMPTY_BODY = YES;
				CLANG_WARN_ENUM_CONVERSION = YES;
				CLANG_WARN_INFINITE_RECURSION = YES;
				CLANG_WARN_INT_CONVERSION = YES;
				CLANG_WARN_NON_LITERAL_NULL_CONVERSION = YES;
				CLANG_WARN_OBJC_IMPLICIT_RETAIN_SELF = YES;
				CLANG_WARN_OBJC_LITERAL_CONVERSION = YES;
				CLANG_WARN_OBJC_ROOT_CLASS = YES_ERROR;
				CLANG_WARN_QUOTED_INCLUDE_IN_FRAMEWORK_HEADER = YES;
				CLANG_WARN_RANGE_LOOP_ANALYSIS = YES;
				CLANG_WARN_STRICT_PROTOTYPES = YES;
				CLANG_WARN_SUSPICIOUS_MOVE = YES;
				CLANG_WARN_UNGUARDED_AVAILABILITY = YES_AGGRESSIVE;
				CLANG_WARN_UNREACHABLE_CODE = YES;
				CLANG_WARN__DUPLICATE_METHOD_MATCH = YES;
				COPY_PHASE_STRIP = NO;
				DEBUG_INFORMATION_FORMAT = "dwarf-with-dsym";
				ENABLE_NS_ASSERTIONS = NO;
				ENABLE_STRICT_OBJC_MSGSEND = YES;
				GCC_C_LANGUAGE_STANDARD = gnu11;
				GCC_NO_COMMON_BLOCKS = YES;
				GCC_WARN_64_TO_32_BIT_CONVERSION = YES;
				GCC_WARN_ABOUT_RETURN_TYPE = YES_ERROR;
				GCC_WARN_UNDECLARED_SELECTOR = YES;
				GCC_WARN_UNINITIALIZED_AUTOS = YES_AGGRESSIVE;
				GCC_WARN_UNUSED_FUNCTION = YES;
				GCC_WARN_UNUSED_VARIABLE = YES;
				IPHONEOS_DEPLOYMENT_TARGET = 15.2;
				MTL_ENABLE_DEBUG_INFO = NO;
				MTL_FAST_MATH = YES;
				SDKROOT = iphoneos;
				SWIFT_COMPILATION_MODE = wholemodule;
				SWIFT_OPTIMIZATION_LEVEL = "-O";
				VALIDATE_PRODUCT = YES;
			};
			name = Release;
		};
		C137379527C93752005AC37E /* Debug */ = {
			isa = XCBuildConfiguration;
			baseConfigurationReference = 23F7E0496FE0EAC2ABA1B679 /* Pods-APOD.debug.xcconfig */;
			buildSettings = {
				ASSETCATALOG_COMPILER_APPICON_NAME = AppIcon;
				ASSETCATALOG_COMPILER_GLOBAL_ACCENT_COLOR_NAME = AccentColor;
				CODE_SIGN_STYLE = Automatic;
				CURRENT_PROJECT_VERSION = 1;
				DEVELOPMENT_TEAM = GZD9ZF6L8D;
				GENERATE_INFOPLIST_FILE = YES;
				INFOPLIST_FILE = APOD/Info.plist;
				INFOPLIST_KEY_UIApplicationSupportsIndirectInputEvents = YES;
				INFOPLIST_KEY_UILaunchStoryboardName = LaunchScreen;
				INFOPLIST_KEY_UIMainStoryboardFile = Main;
				INFOPLIST_KEY_UISupportedInterfaceOrientations_iPad = "UIInterfaceOrientationPortrait UIInterfaceOrientationPortraitUpsideDown UIInterfaceOrientationLandscapeLeft UIInterfaceOrientationLandscapeRight";
				INFOPLIST_KEY_UISupportedInterfaceOrientations_iPhone = "UIInterfaceOrientationPortrait UIInterfaceOrientationLandscapeLeft UIInterfaceOrientationLandscapeRight";
				LD_RUNPATH_SEARCH_PATHS = (
					"$(inherited)",
					"@executable_path/Frameworks",
				);
				MARKETING_VERSION = 1.0;
				PRODUCT_BUNDLE_IDENTIFIER = com.vahidahavaldar.APOD;
				PRODUCT_NAME = "$(TARGET_NAME)";
				SWIFT_EMIT_LOC_STRINGS = YES;
				SWIFT_VERSION = 5.0;
				TARGETED_DEVICE_FAMILY = "1,2";
			};
			name = Debug;
		};
		C137379627C93752005AC37E /* Release */ = {
			isa = XCBuildConfiguration;
			baseConfigurationReference = D5C4D6CEE9DB7270325084B5 /* Pods-APOD.release.xcconfig */;
			buildSettings = {
				ASSETCATALOG_COMPILER_APPICON_NAME = AppIcon;
				ASSETCATALOG_COMPILER_GLOBAL_ACCENT_COLOR_NAME = AccentColor;
				CODE_SIGN_STYLE = Automatic;
				CURRENT_PROJECT_VERSION = 1;
				DEVELOPMENT_TEAM = GZD9ZF6L8D;
				GENERATE_INFOPLIST_FILE = YES;
				INFOPLIST_FILE = APOD/Info.plist;
				INFOPLIST_KEY_UIApplicationSupportsIndirectInputEvents = YES;
				INFOPLIST_KEY_UILaunchStoryboardName = LaunchScreen;
				INFOPLIST_KEY_UIMainStoryboardFile = Main;
				INFOPLIST_KEY_UISupportedInterfaceOrientations_iPad = "UIInterfaceOrientationPortrait UIInterfaceOrientationPortraitUpsideDown UIInterfaceOrientationLandscapeLeft UIInterfaceOrientationLandscapeRight";
				INFOPLIST_KEY_UISupportedInterfaceOrientations_iPhone = "UIInterfaceOrientationPortrait UIInterfaceOrientationLandscapeLeft UIInterfaceOrientationLandscapeRight";
				LD_RUNPATH_SEARCH_PATHS = (
					"$(inherited)",
					"@executable_path/Frameworks",
				);
				MARKETING_VERSION = 1.0;
				PRODUCT_BUNDLE_IDENTIFIER = com.vahidahavaldar.APOD;
				PRODUCT_NAME = "$(TARGET_NAME)";
				SWIFT_EMIT_LOC_STRINGS = YES;
				SWIFT_VERSION = 5.0;
				TARGETED_DEVICE_FAMILY = "1,2";
			};
			name = Release;
		};
		C137379827C93752005AC37E /* Debug */ = {
			isa = XCBuildConfiguration;
			baseConfigurationReference = CFB682CC8317FF97A7C16B90 /* Pods-APODTests.debug.xcconfig */;
			buildSettings = {
				ALWAYS_EMBED_SWIFT_STANDARD_LIBRARIES = YES;
				BUNDLE_LOADER = "$(TEST_HOST)";
				CODE_SIGN_STYLE = Automatic;
				CURRENT_PROJECT_VERSION = 1;
				DEVELOPMENT_TEAM = GZD9ZF6L8D;
				GENERATE_INFOPLIST_FILE = YES;
				IPHONEOS_DEPLOYMENT_TARGET = 15.2;
				MARKETING_VERSION = 1.0;
				PRODUCT_BUNDLE_IDENTIFIER = com.vahidahavaldar.APODTests;
				PRODUCT_NAME = "$(TARGET_NAME)";
				SWIFT_EMIT_LOC_STRINGS = NO;
				SWIFT_VERSION = 5.0;
				TARGETED_DEVICE_FAMILY = "1,2";
				TEST_HOST = "$(BUILT_PRODUCTS_DIR)/APOD.app/APOD";
			};
			name = Debug;
		};
		C137379927C93752005AC37E /* Release */ = {
			isa = XCBuildConfiguration;
			baseConfigurationReference = 4FAAB88848689E3A6A2299DA /* Pods-APODTests.release.xcconfig */;
			buildSettings = {
				ALWAYS_EMBED_SWIFT_STANDARD_LIBRARIES = YES;
				BUNDLE_LOADER = "$(TEST_HOST)";
				CODE_SIGN_STYLE = Automatic;
				CURRENT_PROJECT_VERSION = 1;
				DEVELOPMENT_TEAM = GZD9ZF6L8D;
				GENERATE_INFOPLIST_FILE = YES;
				IPHONEOS_DEPLOYMENT_TARGET = 15.2;
				MARKETING_VERSION = 1.0;
				PRODUCT_BUNDLE_IDENTIFIER = com.vahidahavaldar.APODTests;
				PRODUCT_NAME = "$(TARGET_NAME)";
				SWIFT_EMIT_LOC_STRINGS = NO;
				SWIFT_VERSION = 5.0;
				TARGETED_DEVICE_FAMILY = "1,2";
				TEST_HOST = "$(BUILT_PRODUCTS_DIR)/APOD.app/APOD";
			};
			name = Release;
		};
		C137379B27C93752005AC37E /* Debug */ = {
			isa = XCBuildConfiguration;
			baseConfigurationReference = 112C76A24DD71C8B404C38D1 /* Pods-APOD-APODUITests.debug.xcconfig */;
			buildSettings = {
				ALWAYS_EMBED_SWIFT_STANDARD_LIBRARIES = YES;
				CODE_SIGN_STYLE = Automatic;
				CURRENT_PROJECT_VERSION = 1;
				DEVELOPMENT_TEAM = GZD9ZF6L8D;
				GENERATE_INFOPLIST_FILE = YES;
				MARKETING_VERSION = 1.0;
				PRODUCT_BUNDLE_IDENTIFIER = com.vahidahavaldar.APODUITests;
				PRODUCT_NAME = "$(TARGET_NAME)";
				SWIFT_EMIT_LOC_STRINGS = NO;
				SWIFT_VERSION = 5.0;
				TARGETED_DEVICE_FAMILY = "1,2";
				TEST_TARGET_NAME = APOD;
			};
			name = Debug;
		};
		C137379C27C93752005AC37E /* Release */ = {
			isa = XCBuildConfiguration;
			baseConfigurationReference = EAA1C9295EF7D34697D810EF /* Pods-APOD-APODUITests.release.xcconfig */;
			buildSettings = {
				ALWAYS_EMBED_SWIFT_STANDARD_LIBRARIES = YES;
				CODE_SIGN_STYLE = Automatic;
				CURRENT_PROJECT_VERSION = 1;
				DEVELOPMENT_TEAM = GZD9ZF6L8D;
				GENERATE_INFOPLIST_FILE = YES;
				MARKETING_VERSION = 1.0;
				PRODUCT_BUNDLE_IDENTIFIER = com.vahidahavaldar.APODUITests;
				PRODUCT_NAME = "$(TARGET_NAME)";
				SWIFT_EMIT_LOC_STRINGS = NO;
				SWIFT_VERSION = 5.0;
				TARGETED_DEVICE_FAMILY = "1,2";
				TEST_TARGET_NAME = APOD;
			};
			name = Release;
		};
/* End XCBuildConfiguration section */

/* Begin XCConfigurationList section */
		C137376227C9374D005AC37E /* Build configuration list for PBXProject "APOD" */ = {
			isa = XCConfigurationList;
			buildConfigurations = (
				C137379227C93752005AC37E /* Debug */,
				C137379327C93752005AC37E /* Release */,
			);
			defaultConfigurationIsVisible = 0;
			defaultConfigurationName = Release;
		};
		C137379427C93752005AC37E /* Build configuration list for PBXNativeTarget "APOD" */ = {
			isa = XCConfigurationList;
			buildConfigurations = (
				C137379527C93752005AC37E /* Debug */,
				C137379627C93752005AC37E /* Release */,
			);
			defaultConfigurationIsVisible = 0;
			defaultConfigurationName = Release;
		};
		C137379727C93752005AC37E /* Build configuration list for PBXNativeTarget "APODTests" */ = {
			isa = XCConfigurationList;
			buildConfigurations = (
				C137379827C93752005AC37E /* Debug */,
				C137379927C93752005AC37E /* Release */,
			);
			defaultConfigurationIsVisible = 0;
			defaultConfigurationName = Release;
		};
		C137379A27C93752005AC37E /* Build configuration list for PBXNativeTarget "APODUITests" */ = {
			isa = XCConfigurationList;
			buildConfigurations = (
				C137379B27C93752005AC37E /* Debug */,
				C137379C27C93752005AC37E /* Release */,
			);
			defaultConfigurationIsVisible = 0;
			defaultConfigurationName = Release;
		};
/* End XCConfigurationList section */

/* Begin XCVersionGroup section */
		C137377327C9374D005AC37E /* APOD.xcdatamodeld */ = {
			isa = XCVersionGroup;
			children = (
				C137377427C9374D005AC37E /* APOD.xcdatamodel */,
			);
			currentVersion = C137377427C9374D005AC37E /* APOD.xcdatamodel */;
			path = APOD.xcdatamodeld;
			sourceTree = "<group>";
			versionGroupType = wrapper.xcdatamodel;
		};
/* End XCVersionGroup section */
	};
	rootObject = C137375F27C9374D005AC37E /* Project object */;
}
